
Microsoft Visual Studio Solution File, Format Version 12.00
# Visual Studio Version 16
VisualStudioVersion = 16.0.30804.86
MinimumVisualStudioVersion = 10.0.40219.1
Project("{FAE04EC0-301F-11D3-BF4B-00C04F79EFBC}") = "ВодителиВАР3", "ВодителиВАР3.csproj", "{5F87A18A-C2D9-4D1F-B226-59D4ACA0310D}"
EndProject
Global
	GlobalSection(SolutionConfigurationPlatforms) = preSolution
		Debug|Any CPU = Debug|Any CPU
		Release|Any CPU = Release|Any CPU
	EndGlobalSection
	GlobalSection(ProjectConfigurationPlatforms) = postSolution
		{5F87A18A-C2D9-4D1F-B226-59D4ACA0310D}.Debug|Any CPU.ActiveCfg = Debug|Any CPU
		{5F87A18A-C2D9-4D1F-B226-59D4ACA0310D}.Debug|Any CPU.Build.0 = Debug|Any CPU
		{5F87A18A-C2D9-4D1F-B226-59D4ACA0310D}.Release|Any CPU.ActiveCfg = Release|Any CPU
		{5F87A18A-C2D9-4D1F-B226-59D4ACA0310D}.Release|Any CPU.Build.0 = Release|Any CPU
	EndGlobalSection
	GlobalSection(SolutionProperties) = preSolution
		HideSolutionNode = FALSE
	EndGlobalSection
	GlobalSection(ExtensibilityGlobals) = postSolution
		SolutionGuid = {EE965CD5-27C8-4CFF-B4AC-B38BC7D25B67}
	EndGlobalSection
EndGlobal
